
Microsoft Visual Studio Solution File, Format Version 12.00
# Visual Studio Version 16
VisualStudioVersion = 25.0.1703.1
MinimumVisualStudioVersion = 10.0.40219.1
Project("{FAE04EC0-301F-11D3-BF4B-00C04F79EFBC}") = "MinimalAPI", "MinimalAPI\MinimalAPI.csproj", "{988687C3-B26E-4906-A68B-7009014CE372}"
EndProject
Global
	GlobalSection(SolutionConfigurationPlatforms) = preSolution
		Debug|Any CPU = Debug|Any CPU
		Release|Any CPU = Release|Any CPU
	EndGlobalSection
	GlobalSection(ProjectConfigurationPlatforms) = postSolution
		{988687C3-B26E-4906-A68B-7009014CE372}.Debug|Any CPU.ActiveCfg = Debug|Any CPU
		{988687C3-B26E-4906-A68B-7009014CE372}.Debug|Any CPU.Build.0 = Debug|Any CPU
		{988687C3-B26E-4906-A68B-7009014CE372}.Release|Any CPU.ActiveCfg = Release|Any CPU
		{988687C3-B26E-4906-A68B-7009014CE372}.Release|Any CPU.Build.0 = Release|Any CPU
	EndGlobalSection
	GlobalSection(SolutionProperties) = preSolution
		HideSolutionNode = FALSE
	EndGlobalSection
	GlobalSection(ExtensibilityGlobals) = postSolution
		SolutionGuid = {024EF6D8-CF7E-43F8-ADAA-A69A47A93C1B}
	EndGlobalSection
	GlobalSection(MonoDevelopProperties) = preSolution
		Policies = $0
		$0.DotNetNamingPolicy = $1
		$1.DirectoryNamespaceAssociation = PrefixedHierarchical
	EndGlobalSection
EndGlobal
